// !$*UTF8*$!
{
	archiveVersion = 1;
	classes = {
	};
	objectVersion = 46;
	objects = {

/* Begin PBXBuildFile section */
		F8E875901E2748E0001FEA53 /* SmartCarOAuthUIGenerator.swift in Sources */ = {isa = PBXBuildFile; fileRef = F8E8758F1E2748E0001FEA53 /* SmartCarOAuthUIGenerator.swift */; };
		F8E875921E2AB0C7001FEA53 /* SmartCarOAuthButtonGenerator.swift in Sources */ = {isa = PBXBuildFile; fileRef = F8E875911E2AB0C7001FEA53 /* SmartCarOAuthButtonGenerator.swift */; };
		F8E875941E2AB1AA001FEA53 /* SmartCarOAuthPickerGenerator.swift in Sources */ = {isa = PBXBuildFile; fileRef = F8E875931E2AB1AA001FEA53 /* SmartCarOAuthPickerGenerator.swift */; };
		F8F6AB9A1E206D0A00643B7F /* AppDelegate.swift in Sources */ = {isa = PBXBuildFile; fileRef = F8F6AB991E206D0A00643B7F /* AppDelegate.swift */; };
		F8F6AB9C1E206D0A00643B7F /* ViewController.swift in Sources */ = {isa = PBXBuildFile; fileRef = F8F6AB9B1E206D0A00643B7F /* ViewController.swift */; };
		F8F6AB9F1E206D0A00643B7F /* Main.storyboard in Resources */ = {isa = PBXBuildFile; fileRef = F8F6AB9D1E206D0A00643B7F /* Main.storyboard */; };
		F8F6ABA11E206D0A00643B7F /* Assets.xcassets in Resources */ = {isa = PBXBuildFile; fileRef = F8F6ABA01E206D0A00643B7F /* Assets.xcassets */; };
		F8F6ABA41E206D0A00643B7F /* LaunchScreen.storyboard in Resources */ = {isa = PBXBuildFile; fileRef = F8F6ABA21E206D0A00643B7F /* LaunchScreen.storyboard */; };
		F8F6ABAC1E2084AA00643B7F /* SmartCarOAuthSDK.swift in Sources */ = {isa = PBXBuildFile; fileRef = F8F6ABAB1E2084AA00643B7F /* SmartCarOAuthSDK.swift */; };
		F8F6ABAE1E20855F00643B7F /* OEMName.swift in Sources */ = {isa = PBXBuildFile; fileRef = F8F6ABAD1E20855F00643B7F /* OEMName.swift */; };
		F8F6ABB01E20856B00643B7F /* OEMConfig.swift in Sources */ = {isa = PBXBuildFile; fileRef = F8F6ABAF1E20856B00643B7F /* OEMConfig.swift */; };
		F8F6ABB21E20877700643B7F /* OEM.swift in Sources */ = {isa = PBXBuildFile; fileRef = F8F6ABB11E20877700643B7F /* OEM.swift */; };
		F8F6ABB41E20998A00643B7F /* Utility.swift in Sources */ = {isa = PBXBuildFile; fileRef = F8F6ABB31E20998A00643B7F /* Utility.swift */; };
		F8F6ABB61E2183AF00643B7F /* GrantType.swift in Sources */ = {isa = PBXBuildFile; fileRef = F8F6ABB51E2183AF00643B7F /* GrantType.swift */; };
		F8F6ABB81E21841B00643B7F /* ApprovalType.swift in Sources */ = {isa = PBXBuildFile; fileRef = F8F6ABB71E21841B00643B7F /* ApprovalType.swift */; };
		F8F6ABBC1E21AE0200643B7F /* SmartCarOAuthRequest.swift in Sources */ = {isa = PBXBuildFile; fileRef = F8F6ABBB1E21AE0200643B7F /* SmartCarOAuthRequest.swift */; };
		F8F9281D1E2ACD2A009F07E5 /* SmartCarOAuthSDKTests.swift in Sources */ = {isa = PBXBuildFile; fileRef = F8F9281C1E2ACD2A009F07E5 /* SmartCarOAuthSDKTests.swift */; };
		F8F9282A1E2AEBF8009F07E5 /* SmartCarOAuthRequestTests.swift in Sources */ = {isa = PBXBuildFile; fileRef = F8F928291E2AEBF8009F07E5 /* SmartCarOAuthRequestTests.swift */; };
		F8F9282E1E2AF117009F07E5 /* SmartCarOAuthButtonGeneratorTests.swift in Sources */ = {isa = PBXBuildFile; fileRef = F8F9282D1E2AF117009F07E5 /* SmartCarOAuthButtonGeneratorTests.swift */; };
		F8F928301E2AF124009F07E5 /* SmartCarOAuthPickerGeneratorTests.swift in Sources */ = {isa = PBXBuildFile; fileRef = F8F9282F1E2AF124009F07E5 /* SmartCarOAuthPickerGeneratorTests.swift */; };
/* End PBXBuildFile section */

/* Begin PBXContainerItemProxy section */
		F8F9281F1E2ACD2A009F07E5 /* PBXContainerItemProxy */ = {
			isa = PBXContainerItemProxy;
			containerPortal = F8F6AB8E1E206D0A00643B7F /* Project object */;
			proxyType = 1;
			remoteGlobalIDString = F8F6AB951E206D0A00643B7F;
			remoteInfo = SmartCarOAuthSDK;
		};
/* End PBXContainerItemProxy section */

/* Begin PBXFileReference section */
		F8E8758F1E2748E0001FEA53 /* SmartCarOAuthUIGenerator.swift */ = {isa = PBXFileReference; fileEncoding = 4; lastKnownFileType = sourcecode.swift; path = SmartCarOAuthUIGenerator.swift; sourceTree = "<group>"; };
		F8E875911E2AB0C7001FEA53 /* SmartCarOAuthButtonGenerator.swift */ = {isa = PBXFileReference; fileEncoding = 4; lastKnownFileType = sourcecode.swift; path = SmartCarOAuthButtonGenerator.swift; sourceTree = "<group>"; };
		F8E875931E2AB1AA001FEA53 /* SmartCarOAuthPickerGenerator.swift */ = {isa = PBXFileReference; fileEncoding = 4; lastKnownFileType = sourcecode.swift; path = SmartCarOAuthPickerGenerator.swift; sourceTree = "<group>"; };
		F8F6AB961E206D0A00643B7F /* SmartCarOAuthSDK.app */ = {isa = PBXFileReference; explicitFileType = wrapper.application; includeInIndex = 0; path = SmartCarOAuthSDK.app; sourceTree = BUILT_PRODUCTS_DIR; };
		F8F6AB991E206D0A00643B7F /* AppDelegate.swift */ = {isa = PBXFileReference; lastKnownFileType = sourcecode.swift; path = AppDelegate.swift; sourceTree = "<group>"; };
		F8F6AB9B1E206D0A00643B7F /* ViewController.swift */ = {isa = PBXFileReference; lastKnownFileType = sourcecode.swift; path = ViewController.swift; sourceTree = "<group>"; };
		F8F6AB9E1E206D0A00643B7F /* Base */ = {isa = PBXFileReference; lastKnownFileType = file.storyboard; name = Base; path = Base.lproj/Main.storyboard; sourceTree = "<group>"; };
		F8F6ABA01E206D0A00643B7F /* Assets.xcassets */ = {isa = PBXFileReference; lastKnownFileType = folder.assetcatalog; path = Assets.xcassets; sourceTree = "<group>"; };
		F8F6ABA31E206D0A00643B7F /* Base */ = {isa = PBXFileReference; lastKnownFileType = file.storyboard; name = Base; path = Base.lproj/LaunchScreen.storyboard; sourceTree = "<group>"; };
		F8F6ABA51E206D0A00643B7F /* Info.plist */ = {isa = PBXFileReference; lastKnownFileType = text.plist.xml; path = Info.plist; sourceTree = "<group>"; };
		F8F6ABAB1E2084AA00643B7F /* SmartCarOAuthSDK.swift */ = {isa = PBXFileReference; fileEncoding = 4; lastKnownFileType = sourcecode.swift; path = SmartCarOAuthSDK.swift; sourceTree = "<group>"; };
		F8F6ABAD1E20855F00643B7F /* OEMName.swift */ = {isa = PBXFileReference; fileEncoding = 4; lastKnownFileType = sourcecode.swift; path = OEMName.swift; sourceTree = "<group>"; };
		F8F6ABAF1E20856B00643B7F /* OEMConfig.swift */ = {isa = PBXFileReference; fileEncoding = 4; lastKnownFileType = sourcecode.swift; path = OEMConfig.swift; sourceTree = "<group>"; };
		F8F6ABB11E20877700643B7F /* OEM.swift */ = {isa = PBXFileReference; fileEncoding = 4; lastKnownFileType = sourcecode.swift; path = OEM.swift; sourceTree = "<group>"; };
		F8F6ABB31E20998A00643B7F /* Utility.swift */ = {isa = PBXFileReference; fileEncoding = 4; lastKnownFileType = sourcecode.swift; path = Utility.swift; sourceTree = "<group>"; };
		F8F6ABB51E2183AF00643B7F /* GrantType.swift */ = {isa = PBXFileReference; fileEncoding = 4; lastKnownFileType = sourcecode.swift; path = GrantType.swift; sourceTree = "<group>"; };
		F8F6ABB71E21841B00643B7F /* ApprovalType.swift */ = {isa = PBXFileReference; fileEncoding = 4; lastKnownFileType = sourcecode.swift; path = ApprovalType.swift; sourceTree = "<group>"; };
		F8F6ABBB1E21AE0200643B7F /* SmartCarOAuthRequest.swift */ = {isa = PBXFileReference; fileEncoding = 4; lastKnownFileType = sourcecode.swift; path = SmartCarOAuthRequest.swift; sourceTree = "<group>"; };
		F8F9281A1E2ACD2A009F07E5 /* SmartCarOAuthSDKTests.xctest */ = {isa = PBXFileReference; explicitFileType = wrapper.cfbundle; includeInIndex = 0; path = SmartCarOAuthSDKTests.xctest; sourceTree = BUILT_PRODUCTS_DIR; };
		F8F9281C1E2ACD2A009F07E5 /* SmartCarOAuthSDKTests.swift */ = {isa = PBXFileReference; lastKnownFileType = sourcecode.swift; path = SmartCarOAuthSDKTests.swift; sourceTree = "<group>"; };
		F8F9281E1E2ACD2A009F07E5 /* Info.plist */ = {isa = PBXFileReference; lastKnownFileType = text.plist.xml; path = Info.plist; sourceTree = "<group>"; };
		F8F928291E2AEBF8009F07E5 /* SmartCarOAuthRequestTests.swift */ = {isa = PBXFileReference; fileEncoding = 4; lastKnownFileType = sourcecode.swift; path = SmartCarOAuthRequestTests.swift; sourceTree = "<group>"; };
		F8F9282D1E2AF117009F07E5 /* SmartCarOAuthButtonGeneratorTests.swift */ = {isa = PBXFileReference; fileEncoding = 4; lastKnownFileType = sourcecode.swift; path = SmartCarOAuthButtonGeneratorTests.swift; sourceTree = "<group>"; };
		F8F9282F1E2AF124009F07E5 /* SmartCarOAuthPickerGeneratorTests.swift */ = {isa = PBXFileReference; fileEncoding = 4; lastKnownFileType = sourcecode.swift; path = SmartCarOAuthPickerGeneratorTests.swift; sourceTree = "<group>"; };
/* End PBXFileReference section */

/* Begin PBXFrameworksBuildPhase section */
		F8F6AB931E206D0A00643B7F /* Frameworks */ = {
			isa = PBXFrameworksBuildPhase;
			buildActionMask = 2147483647;
			files = (
			);
			runOnlyForDeploymentPostprocessing = 0;
		};
		F8F928171E2ACD2A009F07E5 /* Frameworks */ = {
			isa = PBXFrameworksBuildPhase;
			buildActionMask = 2147483647;
			files = (
			);
			runOnlyForDeploymentPostprocessing = 0;
		};
/* End PBXFrameworksBuildPhase section */

/* Begin PBXGroup section */
		F8F6AB8D1E206D0A00643B7F = {
			isa = PBXGroup;
			children = (
				F8F6AB981E206D0A00643B7F /* SmartCarOAuthSDK */,
				F8F9281B1E2ACD2A009F07E5 /* SmartCarOAuthSDKTests */,
				F8F6AB971E206D0A00643B7F /* Products */,
			);
			sourceTree = "<group>";
		};
		F8F6AB971E206D0A00643B7F /* Products */ = {
			isa = PBXGroup;
			children = (
				F8F6AB961E206D0A00643B7F /* SmartCarOAuthSDK.app */,
				F8F9281A1E2ACD2A009F07E5 /* SmartCarOAuthSDKTests.xctest */,
			);
			name = Products;
			sourceTree = "<group>";
		};
		F8F6AB981E206D0A00643B7F /* SmartCarOAuthSDK */ = {
			isa = PBXGroup;
			children = (
				F8F6AB991E206D0A00643B7F /* AppDelegate.swift */,
				F8F6AB9B1E206D0A00643B7F /* ViewController.swift */,
				F8F6AB9D1E206D0A00643B7F /* Main.storyboard */,
				F8F6ABA01E206D0A00643B7F /* Assets.xcassets */,
				F8F6ABA21E206D0A00643B7F /* LaunchScreen.storyboard */,
				F8F6ABA51E206D0A00643B7F /* Info.plist */,
				F8F6ABAB1E2084AA00643B7F /* SmartCarOAuthSDK.swift */,
				F8F6ABAD1E20855F00643B7F /* OEMName.swift */,
				F8F6ABAF1E20856B00643B7F /* OEMConfig.swift */,
				F8F6ABB11E20877700643B7F /* OEM.swift */,
				F8F6ABB31E20998A00643B7F /* Utility.swift */,
				F8F6ABB51E2183AF00643B7F /* GrantType.swift */,
				F8F6ABB71E21841B00643B7F /* ApprovalType.swift */,
				F8F6ABBB1E21AE0200643B7F /* SmartCarOAuthRequest.swift */,
				F8E8758F1E2748E0001FEA53 /* SmartCarOAuthUIGenerator.swift */,
				F8E875911E2AB0C7001FEA53 /* SmartCarOAuthButtonGenerator.swift */,
				F8E875931E2AB1AA001FEA53 /* SmartCarOAuthPickerGenerator.swift */,
			);
			path = SmartCarOAuthSDK;
			sourceTree = "<group>";
		};
		F8F9281B1E2ACD2A009F07E5 /* SmartCarOAuthSDKTests */ = {
			isa = PBXGroup;
			children = (
				F8F9281C1E2ACD2A009F07E5 /* SmartCarOAuthSDKTests.swift */,
				F8F9281E1E2ACD2A009F07E5 /* Info.plist */,
				F8F928291E2AEBF8009F07E5 /* SmartCarOAuthRequestTests.swift */,
				F8F9282D1E2AF117009F07E5 /* SmartCarOAuthButtonGeneratorTests.swift */,
				F8F9282F1E2AF124009F07E5 /* SmartCarOAuthPickerGeneratorTests.swift */,
			);
			path = SmartCarOAuthSDKTests;
			sourceTree = "<group>";
		};
/* End PBXGroup section */

/* Begin PBXNativeTarget section */
		F8F6AB951E206D0A00643B7F /* SmartCarOAuthSDK */ = {
			isa = PBXNativeTarget;
			buildConfigurationList = F8F6ABA81E206D0A00643B7F /* Build configuration list for PBXNativeTarget "SmartCarOAuthSDK" */;
			buildPhases = (
				F8F6AB921E206D0A00643B7F /* Sources */,
				F8F6AB931E206D0A00643B7F /* Frameworks */,
				F8F6AB941E206D0A00643B7F /* Resources */,
			);
			buildRules = (
			);
			dependencies = (
			);
			name = SmartCarOAuthSDK;
			productName = SmartCarOAuthSDK;
			productReference = F8F6AB961E206D0A00643B7F /* SmartCarOAuthSDK.app */;
			productType = "com.apple.product-type.application";
		};
		F8F928191E2ACD2A009F07E5 /* SmartCarOAuthSDKTests */ = {
			isa = PBXNativeTarget;
			buildConfigurationList = F8F928231E2ACD2A009F07E5 /* Build configuration list for PBXNativeTarget "SmartCarOAuthSDKTests" */;
			buildPhases = (
				F8F928161E2ACD2A009F07E5 /* Sources */,
				F8F928171E2ACD2A009F07E5 /* Frameworks */,
				F8F928181E2ACD2A009F07E5 /* Resources */,
			);
			buildRules = (
			);
			dependencies = (
				F8F928201E2ACD2A009F07E5 /* PBXTargetDependency */,
			);
			name = SmartCarOAuthSDKTests;
			productName = SmartCarOAuthSDKTests;
			productReference = F8F9281A1E2ACD2A009F07E5 /* SmartCarOAuthSDKTests.xctest */;
			productType = "com.apple.product-type.bundle.unit-test";
		};
/* End PBXNativeTarget section */

/* Begin PBXProject section */
		F8F6AB8E1E206D0A00643B7F /* Project object */ = {
			isa = PBXProject;
			attributes = {
				LastSwiftUpdateCheck = 0820;
				LastUpgradeCheck = 0820;
				ORGANIZATIONNAME = "Ziyu Zhang";
				TargetAttributes = {
					F8F6AB951E206D0A00643B7F = {
						CreatedOnToolsVersion = 8.2;
						ProvisioningStyle = Automatic;
					};
					F8F928191E2ACD2A009F07E5 = {
						CreatedOnToolsVersion = 8.2;
						ProvisioningStyle = Automatic;
						TestTargetID = F8F6AB951E206D0A00643B7F;
					};
				};
			};
			buildConfigurationList = F8F6AB911E206D0A00643B7F /* Build configuration list for PBXProject "SmartCarOAuthSDK" */;
			compatibilityVersion = "Xcode 3.2";
			developmentRegion = English;
			hasScannedForEncodings = 0;
			knownRegions = (
				en,
				Base,
			);
			mainGroup = F8F6AB8D1E206D0A00643B7F;
			productRefGroup = F8F6AB971E206D0A00643B7F /* Products */;
			projectDirPath = "";
			projectRoot = "";
			targets = (
				F8F6AB951E206D0A00643B7F /* SmartCarOAuthSDK */,
				F8F928191E2ACD2A009F07E5 /* SmartCarOAuthSDKTests */,
			);
		};
/* End PBXProject section */

/* Begin PBXResourcesBuildPhase section */
		F8F6AB941E206D0A00643B7F /* Resources */ = {
			isa = PBXResourcesBuildPhase;
			buildActionMask = 2147483647;
			files = (
				F8F6ABA41E206D0A00643B7F /* LaunchScreen.storyboard in Resources */,
				F8F6ABA11E206D0A00643B7F /* Assets.xcassets in Resources */,
				F8F6AB9F1E206D0A00643B7F /* Main.storyboard in Resources */,
			);
			runOnlyForDeploymentPostprocessing = 0;
		};
		F8F928181E2ACD2A009F07E5 /* Resources */ = {
			isa = PBXResourcesBuildPhase;
			buildActionMask = 2147483647;
			files = (
			);
			runOnlyForDeploymentPostprocessing = 0;
		};
/* End PBXResourcesBuildPhase section */

/* Begin PBXSourcesBuildPhase section */
		F8F6AB921E206D0A00643B7F /* Sources */ = {
			isa = PBXSourcesBuildPhase;
			buildActionMask = 2147483647;
			files = (
				F8F6ABBC1E21AE0200643B7F /* SmartCarOAuthRequest.swift in Sources */,
				F8F6ABB61E2183AF00643B7F /* GrantType.swift in Sources */,
				F8F6ABB41E20998A00643B7F /* Utility.swift in Sources */,
				F8F6ABB81E21841B00643B7F /* ApprovalType.swift in Sources */,
				F8F6ABAC1E2084AA00643B7F /* SmartCarOAuthSDK.swift in Sources */,
				F8F6ABB01E20856B00643B7F /* OEMConfig.swift in Sources */,
				F8E875901E2748E0001FEA53 /* SmartCarOAuthUIGenerator.swift in Sources */,
				F8F6ABAE1E20855F00643B7F /* OEMName.swift in Sources */,
				F8F6ABB21E20877700643B7F /* OEM.swift in Sources */,
				F8F6AB9C1E206D0A00643B7F /* ViewController.swift in Sources */,
				F8E875941E2AB1AA001FEA53 /* SmartCarOAuthPickerGenerator.swift in Sources */,
				F8E875921E2AB0C7001FEA53 /* SmartCarOAuthButtonGenerator.swift in Sources */,
				F8F6AB9A1E206D0A00643B7F /* AppDelegate.swift in Sources */,
			);
			runOnlyForDeploymentPostprocessing = 0;
		};
		F8F928161E2ACD2A009F07E5 /* Sources */ = {
			isa = PBXSourcesBuildPhase;
			buildActionMask = 2147483647;
			files = (
				F8F928301E2AF124009F07E5 /* SmartCarOAuthPickerGeneratorTests.swift in Sources */,
				F8F9282A1E2AEBF8009F07E5 /* SmartCarOAuthRequestTests.swift in Sources */,
				F8F9281D1E2ACD2A009F07E5 /* SmartCarOAuthSDKTests.swift in Sources */,
				F8F9282E1E2AF117009F07E5 /* SmartCarOAuthButtonGeneratorTests.swift in Sources */,
			);
			runOnlyForDeploymentPostprocessing = 0;
		};
/* End PBXSourcesBuildPhase section */

/* Begin PBXTargetDependency section */
		F8F928201E2ACD2A009F07E5 /* PBXTargetDependency */ = {
			isa = PBXTargetDependency;
			target = F8F6AB951E206D0A00643B7F /* SmartCarOAuthSDK */;
			targetProxy = F8F9281F1E2ACD2A009F07E5 /* PBXContainerItemProxy */;
		};
/* End PBXTargetDependency section */

/* Begin PBXVariantGroup section */
		F8F6AB9D1E206D0A00643B7F /* Main.storyboard */ = {
			isa = PBXVariantGroup;
			children = (
				F8F6AB9E1E206D0A00643B7F /* Base */,
			);
			name = Main.storyboard;
			sourceTree = "<group>";
		};
		F8F6ABA21E206D0A00643B7F /* LaunchScreen.storyboard */ = {
			isa = PBXVariantGroup;
			children = (
				F8F6ABA31E206D0A00643B7F /* Base */,
			);
			name = LaunchScreen.storyboard;
			sourceTree = "<group>";
		};
/* End PBXVariantGroup section */

/* Begin XCBuildConfiguration section */
		F8F6ABA61E206D0A00643B7F /* Debug */ = {
			isa = XCBuildConfiguration;
			buildSettings = {
				ALWAYS_SEARCH_USER_PATHS = NO;
				CLANG_ANALYZER_NONNULL = YES;
				CLANG_CXX_LANGUAGE_STANDARD = "gnu++0x";
				CLANG_CXX_LIBRARY = "libc++";
				CLANG_ENABLE_MODULES = YES;
				CLANG_ENABLE_OBJC_ARC = YES;
				CLANG_WARN_BOOL_CONVERSION = YES;
				CLANG_WARN_CONSTANT_CONVERSION = YES;
				CLANG_WARN_DIRECT_OBJC_ISA_USAGE = YES_ERROR;
				CLANG_WARN_DOCUMENTATION_COMMENTS = YES;
				CLANG_WARN_EMPTY_BODY = YES;
				CLANG_WARN_ENUM_CONVERSION = YES;
				CLANG_WARN_INFINITE_RECURSION = YES;
				CLANG_WARN_INT_CONVERSION = YES;
				CLANG_WARN_OBJC_ROOT_CLASS = YES_ERROR;
				CLANG_WARN_SUSPICIOUS_MOVE = YES;
				CLANG_WARN_UNREACHABLE_CODE = YES;
				CLANG_WARN__DUPLICATE_METHOD_MATCH = YES;
				"CODE_SIGN_IDENTITY[sdk=iphoneos*]" = "iPhone Developer";
				COPY_PHASE_STRIP = NO;
				DEBUG_INFORMATION_FORMAT = dwarf;
				ENABLE_STRICT_OBJC_MSGSEND = YES;
				ENABLE_TESTABILITY = YES;
				GCC_C_LANGUAGE_STANDARD = gnu99;
				GCC_DYNAMIC_NO_PIC = NO;
				GCC_NO_COMMON_BLOCKS = YES;
				GCC_OPTIMIZATION_LEVEL = 0;
				GCC_PREPROCESSOR_DEFINITIONS = (
					"DEBUG=1",
					"$(inherited)",
				);
				GCC_WARN_64_TO_32_BIT_CONVERSION = YES;
				GCC_WARN_ABOUT_RETURN_TYPE = YES_ERROR;
				GCC_WARN_UNDECLARED_SELECTOR = YES;
				GCC_WARN_UNINITIALIZED_AUTOS = YES_AGGRESSIVE;
				GCC_WARN_UNUSED_FUNCTION = YES;
				GCC_WARN_UNUSED_VARIABLE = YES;
				IPHONEOS_DEPLOYMENT_TARGET = 10.2;
				MTL_ENABLE_DEBUG_INFO = YES;
				ONLY_ACTIVE_ARCH = YES;
				SDKROOT = iphoneos;
				SWIFT_ACTIVE_COMPILATION_CONDITIONS = DEBUG;
				SWIFT_OPTIMIZATION_LEVEL = "-Onone";
			};
			name = Debug;
		};
		F8F6ABA71E206D0A00643B7F /* Release */ = {
			isa = XCBuildConfiguration;
			buildSettings = {
				ALWAYS_SEARCH_USER_PATHS = NO;
				CLANG_ANALYZER_NONNULL = YES;
				CLANG_CXX_LANGUAGE_STANDARD = "gnu++0x";
				CLANG_CXX_LIBRARY = "libc++";
				CLANG_ENABLE_MODULES = YES;
				CLANG_ENABLE_OBJC_ARC = YES;
				CLANG_WARN_BOOL_CONVERSION = YES;
				CLANG_WARN_CONSTANT_CONVERSION = YES;
				CLANG_WARN_DIRECT_OBJC_ISA_USAGE = YES_ERROR;
				CLANG_WARN_DOCUMENTATION_COMMENTS = YES;
				CLANG_WARN_EMPTY_BODY = YES;
				CLANG_WARN_ENUM_CONVERSION = YES;
				CLANG_WARN_INFINITE_RECURSION = YES;
				CLANG_WARN_INT_CONVERSION = YES;
				CLANG_WARN_OBJC_ROOT_CLASS = YES_ERROR;
				CLANG_WARN_SUSPICIOUS_MOVE = YES;
				CLANG_WARN_UNREACHABLE_CODE = YES;
				CLANG_WARN__DUPLICATE_METHOD_MATCH = YES;
				"CODE_SIGN_IDENTITY[sdk=iphoneos*]" = "iPhone Developer";
				COPY_PHASE_STRIP = NO;
				DEBUG_INFORMATION_FORMAT = "dwarf-with-dsym";
				ENABLE_NS_ASSERTIONS = NO;
				ENABLE_STRICT_OBJC_MSGSEND = YES;
				GCC_C_LANGUAGE_STANDARD = gnu99;
				GCC_NO_COMMON_BLOCKS = YES;
				GCC_WARN_64_TO_32_BIT_CONVERSION = YES;
				GCC_WARN_ABOUT_RETURN_TYPE = YES_ERROR;
				GCC_WARN_UNDECLARED_SELECTOR = YES;
				GCC_WARN_UNINITIALIZED_AUTOS = YES_AGGRESSIVE;
				GCC_WARN_UNUSED_FUNCTION = YES;
				GCC_WARN_UNUSED_VARIABLE = YES;
				IPHONEOS_DEPLOYMENT_TARGET = 10.2;
				MTL_ENABLE_DEBUG_INFO = NO;
				SDKROOT = iphoneos;
				SWIFT_OPTIMIZATION_LEVEL = "-Owholemodule";
				VALIDATE_PRODUCT = YES;
			};
			name = Release;
		};
		F8F6ABA91E206D0A00643B7F /* Debug */ = {
			isa = XCBuildConfiguration;
			buildSettings = {
				ASSETCATALOG_COMPILER_APPICON_NAME = AppIcon;
				INFOPLIST_FILE = SmartCarOAuthSDK/Info.plist;
				LD_RUNPATH_SEARCH_PATHS = "$(inherited) @executable_path/Frameworks";
				PRODUCT_BUNDLE_IDENTIFIER = com.smarcar.SmartCarOAuthSDK;
				PRODUCT_NAME = "$(TARGET_NAME)";
				SWIFT_VERSION = 3.0;
			};
			name = Debug;
		};
		F8F6ABAA1E206D0A00643B7F /* Release */ = {
			isa = XCBuildConfiguration;
			buildSettings = {
				ASSETCATALOG_COMPILER_APPICON_NAME = AppIcon;
				INFOPLIST_FILE = SmartCarOAuthSDK/Info.plist;
				LD_RUNPATH_SEARCH_PATHS = "$(inherited) @executable_path/Frameworks";
				PRODUCT_BUNDLE_IDENTIFIER = com.smarcar.SmartCarOAuthSDK;
				PRODUCT_NAME = "$(TARGET_NAME)";
				SWIFT_VERSION = 3.0;
			};
			name = Release;
		};
		F8F928211E2ACD2A009F07E5 /* Debug */ = {
			isa = XCBuildConfiguration;
			buildSettings = {
				BUNDLE_LOADER = "$(TEST_HOST)";
				INFOPLIST_FILE = SmartCarOAuthSDKTests/Info.plist;
				LD_RUNPATH_SEARCH_PATHS = "$(inherited) @executable_path/Frameworks @loader_path/Frameworks";
				PRODUCT_BUNDLE_IDENTIFIER = com.smarcar.SmartCarOAuthSDKTests;
				PRODUCT_NAME = "$(TARGET_NAME)";
				SWIFT_VERSION = 3.0;
				TEST_HOST = "$(BUILT_PRODUCTS_DIR)/SmartCarOAuthSDK.app/SmartCarOAuthSDK";
			};
			name = Debug;
		};
		F8F928221E2ACD2A009F07E5 /* Release */ = {
			isa = XCBuildConfiguration;
			buildSettings = {
				BUNDLE_LOADER = "$(TEST_HOST)";
				INFOPLIST_FILE = SmartCarOAuthSDKTests/Info.plist;
				LD_RUNPATH_SEARCH_PATHS = "$(inherited) @executable_path/Frameworks @loader_path/Frameworks";
				PRODUCT_BUNDLE_IDENTIFIER = com.smarcar.SmartCarOAuthSDKTests;
				PRODUCT_NAME = "$(TARGET_NAME)";
				SWIFT_VERSION = 3.0;
				TEST_HOST = "$(BUILT_PRODUCTS_DIR)/SmartCarOAuthSDK.app/SmartCarOAuthSDK";
			};
			name = Release;
		};
/* End XCBuildConfiguration section */

/* Begin XCConfigurationList section */
		F8F6AB911E206D0A00643B7F /* Build configuration list for PBXProject "SmartCarOAuthSDK" */ = {
			isa = XCConfigurationList;
			buildConfigurations = (
				F8F6ABA61E206D0A00643B7F /* Debug */,
				F8F6ABA71E206D0A00643B7F /* Release */,
			);
			defaultConfigurationIsVisible = 0;
			defaultConfigurationName = Release;
		};
		F8F6ABA81E206D0A00643B7F /* Build configuration list for PBXNativeTarget "SmartCarOAuthSDK" */ = {
			isa = XCConfigurationList;
			buildConfigurations = (
				F8F6ABA91E206D0A00643B7F /* Debug */,
				F8F6ABAA1E206D0A00643B7F /* Release */,
			);
			defaultConfigurationIsVisible = 0;
			defaultConfigurationName = Release;
		};
		F8F928231E2ACD2A009F07E5 /* Build configuration list for PBXNativeTarget "SmartCarOAuthSDKTests" */ = {
			isa = XCConfigurationList;
			buildConfigurations = (
				F8F928211E2ACD2A009F07E5 /* Debug */,
				F8F928221E2ACD2A009F07E5 /* Release */,
			);
			defaultConfigurationIsVisible = 0;
			defaultConfigurationName = Release;
		};
/* End XCConfigurationList section */
	};
	rootObject = F8F6AB8E1E206D0A00643B7F /* Project object */;
}
