// !$*UTF8*$!
{
	archiveVersion = 1;
	classes = {
	};
	objectVersion = 46;
	objects = {

/* Begin PBXBuildFile section */
		F8A1E94D1E89628900021C83 /* AppDelegate.swift in Sources */ = {isa = PBXBuildFile; fileRef = F8A1E94C1E89628900021C83 /* AppDelegate.swift */; };
		F8A1E94F1E89628900021C83 /* ViewController.swift in Sources */ = {isa = PBXBuildFile; fileRef = F8A1E94E1E89628900021C83 /* ViewController.swift */; };
		F8A1E9521E89628900021C83 /* Main.storyboard in Resources */ = {isa = PBXBuildFile; fileRef = F8A1E9501E89628900021C83 /* Main.storyboard */; };
		F8A1E9541E89628900021C83 /* Assets.xcassets in Resources */ = {isa = PBXBuildFile; fileRef = F8A1E9531E89628900021C83 /* Assets.xcassets */; };
		F8A1E9571E89628900021C83 /* LaunchScreen.storyboard in Resources */ = {isa = PBXBuildFile; fileRef = F8A1E9551E89628900021C83 /* LaunchScreen.storyboard */; };
/* End PBXBuildFile section */

/* Begin PBXFileReference section */
		F8A1E9491E89628900021C83 /* SmartcarAuthExample.app */ = {isa = PBXFileReference; explicitFileType = wrapper.application; includeInIndex = 0; path = SmartcarAuthExample.app; sourceTree = BUILT_PRODUCTS_DIR; };
		F8A1E94C1E89628900021C83 /* AppDelegate.swift */ = {isa = PBXFileReference; lastKnownFileType = sourcecode.swift; path = AppDelegate.swift; sourceTree = "<group>"; };
		F8A1E94E1E89628900021C83 /* ViewController.swift */ = {isa = PBXFileReference; lastKnownFileType = sourcecode.swift; path = ViewController.swift; sourceTree = "<group>"; };
		F8A1E9511E89628900021C83 /* Base */ = {isa = PBXFileReference; lastKnownFileType = file.storyboard; name = Base; path = Base.lproj/Main.storyboard; sourceTree = "<group>"; };
		F8A1E9531E89628900021C83 /* Assets.xcassets */ = {isa = PBXFileReference; lastKnownFileType = folder.assetcatalog; path = Assets.xcassets; sourceTree = "<group>"; };
		F8A1E9561E89628900021C83 /* Base */ = {isa = PBXFileReference; lastKnownFileType = file.storyboard; name = Base; path = Base.lproj/LaunchScreen.storyboard; sourceTree = "<group>"; };
		F8A1E9581E89628900021C83 /* Info.plist */ = {isa = PBXFileReference; lastKnownFileType = text.plist.xml; path = Info.plist; sourceTree = "<group>"; };
/* End PBXFileReference section */

/* Begin PBXFrameworksBuildPhase section */
		F8A1E9461E89628800021C83 /* Frameworks */ = {
			isa = PBXFrameworksBuildPhase;
			buildActionMask = 2147483647;
			files = (
			);
			runOnlyForDeploymentPostprocessing = 0;
		};
/* End PBXFrameworksBuildPhase section */

/* Begin PBXGroup section */
		F8A1E9401E89628800021C83 = {
			isa = PBXGroup;
			children = (
				F8A1E94B1E89628900021C83 /* SmartcarAuthExample */,
				F8A1E94A1E89628900021C83 /* Products */,
			);
			sourceTree = "<group>";
		};
		F8A1E94A1E89628900021C83 /* Products */ = {
			isa = PBXGroup;
			children = (
				F8A1E9491E89628900021C83 /* SmartcarAuthExample.app */,
			);
			name = Products;
			sourceTree = "<group>";
		};
		F8A1E94B1E89628900021C83 /* SmartcarAuthExample */ = {
			isa = PBXGroup;
			children = (
				F8A1E94C1E89628900021C83 /* AppDelegate.swift */,
				F8A1E94E1E89628900021C83 /* ViewController.swift */,
				F8A1E9501E89628900021C83 /* Main.storyboard */,
				F8A1E9531E89628900021C83 /* Assets.xcassets */,
				F8A1E9551E89628900021C83 /* LaunchScreen.storyboard */,
				F8A1E9581E89628900021C83 /* Info.plist */,
			);
			path = SmartcarAuthExample;
			sourceTree = "<group>";
		};
/* End PBXGroup section */

/* Begin PBXNativeTarget section */
		F8A1E9481E89628800021C83 /* SmartcarAuthExample */ = {
			isa = PBXNativeTarget;
			buildConfigurationList = F8A1E95B1E89628900021C83 /* Build configuration list for PBXNativeTarget "SmartcarAuthExample" */;
			buildPhases = (
				F8A1E9451E89628800021C83 /* Sources */,
				F8A1E9461E89628800021C83 /* Frameworks */,
				F8A1E9471E89628800021C83 /* Resources */,
			);
			buildRules = (
			);
			dependencies = (
			);
			name = SmartcarAuthExample;
			productName = SmartcarAuthExample;
			productReference = F8A1E9491E89628900021C83 /* SmartcarAuthExample.app */;
			productType = "com.apple.product-type.application";
		};
/* End PBXNativeTarget section */

/* Begin PBXProject section */
		F8A1E9411E89628800021C83 /* Project object */ = {
			isa = PBXProject;
			attributes = {
				LastSwiftUpdateCheck = 0820;
				LastUpgradeCheck = 0820;
				ORGANIZATIONNAME = "SmartCar Inc.";
				TargetAttributes = {
					F8A1E9481E89628800021C83 = {
						CreatedOnToolsVersion = 8.2.1;
						ProvisioningStyle = Automatic;
					};
				};
			};
			buildConfigurationList = F8A1E9441E89628800021C83 /* Build configuration list for PBXProject "SmartcarAuthExample" */;
			compatibilityVersion = "Xcode 3.2";
			developmentRegion = English;
			hasScannedForEncodings = 0;
			knownRegions = (
				en,
				Base,
			);
			mainGroup = F8A1E9401E89628800021C83;
			productRefGroup = F8A1E94A1E89628900021C83 /* Products */;
			projectDirPath = "";
			projectRoot = "";
			targets = (
				F8A1E9481E89628800021C83 /* SmartcarAuthExample */,
			);
		};
/* End PBXProject section */

/* Begin PBXResourcesBuildPhase section */
		F8A1E9471E89628800021C83 /* Resources */ = {
			isa = PBXResourcesBuildPhase;
			buildActionMask = 2147483647;
			files = (
				F8A1E9571E89628900021C83 /* LaunchScreen.storyboard in Resources */,
				F8A1E9541E89628900021C83 /* Assets.xcassets in Resources */,
				F8A1E9521E89628900021C83 /* Main.storyboard in Resources */,
			);
			runOnlyForDeploymentPostprocessing = 0;
		};
/* End PBXResourcesBuildPhase section */

/* Begin PBXSourcesBuildPhase section */
		F8A1E9451E89628800021C83 /* Sources */ = {
			isa = PBXSourcesBuildPhase;
			buildActionMask = 2147483647;
			files = (
				F8A1E94F1E89628900021C83 /* ViewController.swift in Sources */,
				F8A1E94D1E89628900021C83 /* AppDelegate.swift in Sources */,
			);
			runOnlyForDeploymentPostprocessing = 0;
		};
/* End PBXSourcesBuildPhase section */

/* Begin PBXVariantGroup section */
		F8A1E9501E89628900021C83 /* Main.storyboard */ = {
			isa = PBXVariantGroup;
			children = (
				F8A1E9511E89628900021C83 /* Base */,
			);
			name = Main.storyboard;
			sourceTree = "<group>";
		};
		F8A1E9551E89628900021C83 /* LaunchScreen.storyboard */ = {
			isa = PBXVariantGroup;
			children = (
				F8A1E9561E89628900021C83 /* Base */,
			);
			name = LaunchScreen.storyboard;
			sourceTree = "<group>";
		};
/* End PBXVariantGroup section */

/* Begin XCBuildConfiguration section */
		F8A1E9591E89628900021C83 /* Debug */ = {
			isa = XCBuildConfiguration;
			buildSettings = {
				ALWAYS_SEARCH_USER_PATHS = NO;
				CLANG_ANALYZER_NONNULL = YES;
				CLANG_CXX_LANGUAGE_STANDARD = "gnu++0x";
				CLANG_CXX_LIBRARY = "libc++";
				CLANG_ENABLE_MODULES = YES;
				CLANG_ENABLE_OBJC_ARC = YES;
				CLANG_WARN_BOOL_CONVERSION = YES;
				CLANG_WARN_CONSTANT_CONVERSION = YES;
				CLANG_WARN_DIRECT_OBJC_ISA_USAGE = YES_ERROR;
				CLANG_WARN_DOCUMENTATION_COMMENTS = YES;
				CLANG_WARN_EMPTY_BODY = YES;
				CLANG_WARN_ENUM_CONVERSION = YES;
				CLANG_WARN_INFINITE_RECURSION = YES;
				CLANG_WARN_INT_CONVERSION = YES;
				CLANG_WARN_OBJC_ROOT_CLASS = YES_ERROR;
				CLANG_WARN_SUSPICIOUS_MOVE = YES;
				CLANG_WARN_UNREACHABLE_CODE = YES;
				CLANG_WARN__DUPLICATE_METHOD_MATCH = YES;
				"CODE_SIGN_IDENTITY[sdk=iphoneos*]" = "iPhone Developer";
				COPY_PHASE_STRIP = NO;
				DEBUG_INFORMATION_FORMAT = dwarf;
				ENABLE_STRICT_OBJC_MSGSEND = YES;
				ENABLE_TESTABILITY = YES;
				GCC_C_LANGUAGE_STANDARD = gnu99;
				GCC_DYNAMIC_NO_PIC = NO;
				GCC_NO_COMMON_BLOCKS = YES;
				GCC_OPTIMIZATION_LEVEL = 0;
				GCC_PREPROCESSOR_DEFINITIONS = (
					"DEBUG=1",
					"$(inherited)",
				);
				GCC_WARN_64_TO_32_BIT_CONVERSION = YES;
				GCC_WARN_ABOUT_RETURN_TYPE = YES_ERROR;
				GCC_WARN_UNDECLARED_SELECTOR = YES;
				GCC_WARN_UNINITIALIZED_AUTOS = YES_AGGRESSIVE;
				GCC_WARN_UNUSED_FUNCTION = YES;
				GCC_WARN_UNUSED_VARIABLE = YES;
				IPHONEOS_DEPLOYMENT_TARGET = 10.2;
				MTL_ENABLE_DEBUG_INFO = YES;
				ONLY_ACTIVE_ARCH = YES;
				SDKROOT = iphoneos;
				SWIFT_ACTIVE_COMPILATION_CONDITIONS = DEBUG;
				SWIFT_OPTIMIZATION_LEVEL = "-Onone";
			};
			name = Debug;
		};
		F8A1E95A1E89628900021C83 /* Release */ = {
			isa = XCBuildConfiguration;
			buildSettings = {
				ALWAYS_SEARCH_USER_PATHS = NO;
				CLANG_ANALYZER_NONNULL = YES;
				CLANG_CXX_LANGUAGE_STANDARD = "gnu++0x";
				CLANG_CXX_LIBRARY = "libc++";
				CLANG_ENABLE_MODULES = YES;
				CLANG_ENABLE_OBJC_ARC = YES;
				CLANG_WARN_BOOL_CONVERSION = YES;
				CLANG_WARN_CONSTANT_CONVERSION = YES;
				CLANG_WARN_DIRECT_OBJC_ISA_USAGE = YES_ERROR;
				CLANG_WARN_DOCUMENTATION_COMMENTS = YES;
				CLANG_WARN_EMPTY_BODY = YES;
				CLANG_WARN_ENUM_CONVERSION = YES;
				CLANG_WARN_INFINITE_RECURSION = YES;
				CLANG_WARN_INT_CONVERSION = YES;
				CLANG_WARN_OBJC_ROOT_CLASS = YES_ERROR;
				CLANG_WARN_SUSPICIOUS_MOVE = YES;
				CLANG_WARN_UNREACHABLE_CODE = YES;
				CLANG_WARN__DUPLICATE_METHOD_MATCH = YES;
				"CODE_SIGN_IDENTITY[sdk=iphoneos*]" = "iPhone Developer";
				COPY_PHASE_STRIP = NO;
				DEBUG_INFORMATION_FORMAT = "dwarf-with-dsym";
				ENABLE_NS_ASSERTIONS = NO;
				ENABLE_STRICT_OBJC_MSGSEND = YES;
				GCC_C_LANGUAGE_STANDARD = gnu99;
				GCC_NO_COMMON_BLOCKS = YES;
				GCC_WARN_64_TO_32_BIT_CONVERSION = YES;
				GCC_WARN_ABOUT_RETURN_TYPE = YES_ERROR;
				GCC_WARN_UNDECLARED_SELECTOR = YES;
				GCC_WARN_UNINITIALIZED_AUTOS = YES_AGGRESSIVE;
				GCC_WARN_UNUSED_FUNCTION = YES;
				GCC_WARN_UNUSED_VARIABLE = YES;
				IPHONEOS_DEPLOYMENT_TARGET = 10.2;
				MTL_ENABLE_DEBUG_INFO = NO;
				SDKROOT = iphoneos;
				SWIFT_OPTIMIZATION_LEVEL = "-Owholemodule";
				VALIDATE_PRODUCT = YES;
			};
			name = Release;
		};
		F8A1E95C1E89628900021C83 /* Debug */ = {
			isa = XCBuildConfiguration;
			buildSettings = {
				ASSETCATALOG_COMPILER_APPICON_NAME = AppIcon;
				INFOPLIST_FILE = SmartcarAuthExample/Info.plist;
				LD_RUNPATH_SEARCH_PATHS = "$(inherited) @executable_path/Frameworks";
				PRODUCT_BUNDLE_IDENTIFIER = com.smartcar.SmartcarAuthExample;
				PRODUCT_NAME = "$(TARGET_NAME)";
				SWIFT_VERSION = 3.0;
			};
			name = Debug;
		};
		F8A1E95D1E89628900021C83 /* Release */ = {
			isa = XCBuildConfiguration;
			buildSettings = {
				ASSETCATALOG_COMPILER_APPICON_NAME = AppIcon;
				INFOPLIST_FILE = SmartcarAuthExample/Info.plist;
				LD_RUNPATH_SEARCH_PATHS = "$(inherited) @executable_path/Frameworks";
				PRODUCT_BUNDLE_IDENTIFIER = com.smartcar.SmartcarAuthExample;
				PRODUCT_NAME = "$(TARGET_NAME)";
				SWIFT_VERSION = 3.0;
			};
			name = Release;
		};
/* End XCBuildConfiguration section */

/* Begin XCConfigurationList section */
		F8A1E9441E89628800021C83 /* Build configuration list for PBXProject "SmartcarAuthExample" */ = {
			isa = XCConfigurationList;
			buildConfigurations = (
				F8A1E9591E89628900021C83 /* Debug */,
				F8A1E95A1E89628900021C83 /* Release */,
			);
			defaultConfigurationIsVisible = 0;
			defaultConfigurationName = Release;
		};
		F8A1E95B1E89628900021C83 /* Build configuration list for PBXNativeTarget "SmartcarAuthExample" */ = {
			isa = XCConfigurationList;
			buildConfigurations = (
				F8A1E95C1E89628900021C83 /* Debug */,
				F8A1E95D1E89628900021C83 /* Release */,
			);
			defaultConfigurationIsVisible = 0;
		};
/* End XCConfigurationList section */
	};
	rootObject = F8A1E9411E89628800021C83 /* Project object */;
}
